
Microsoft Visual Studio Solution File, Format Version 12.00
# Visual Studio 15
VisualStudioVersion = 15.0.28307.572
MinimumVisualStudioVersion = 10.0.40219.1
Project("{8BC9CEB8-8B4A-11D0-8D11-00A0C91BC942}") = "imgui", "imgui\imgui.vcxproj", "{CDC44268-BC0A-484C-896F-377466DA0656}"
EndProject
Global
	GlobalSection(SolutionConfigurationPlatforms) = preSolution
		Debug|x86 = Debug|x86
		Release|x86 = Release|x86
	EndGlobalSection
	GlobalSection(ProjectConfigurationPlatforms) = postSolution
		{CDC44268-BC0A-484C-896F-377466DA0656}.Debug|x86.ActiveCfg = Debug|Win32
		{CDC44268-BC0A-484C-896F-377466DA0656}.Debug|x86.Build.0 = Debug|Win32
		{CDC44268-BC0A-484C-896F-377466DA0656}.Release|x86.ActiveCfg = Release|Win32
		{CDC44268-BC0A-484C-896F-377466DA0656}.Release|x86.Build.0 = Release|Win32
	EndGlobalSection
	GlobalSection(SolutionProperties) = preSolution
		HideSolutionNode = FALSE
	EndGlobalSection
	GlobalSection(ExtensibilityGlobals) = postSolution
		SolutionGuid = {EBCB79F2-FA7E-4E99-8C3A-76778C57E82A}
	EndGlobalSection
EndGlobal
